
Microsoft Visual Studio Solution File, Format Version 12.00
# Visual Studio 15
VisualStudioVersion = 15.0.28307.168
MinimumVisualStudioVersion = 10.0.40219.1
Project("{9A19103F-16F7-4668-BE54-9A1E7A4F7556}") = "STCOA", "STCOA.csproj", "{DE615840-D07D-4DB9-8B29-CDDC95CE294A}"
EndProject
Global
	GlobalSection(SolutionConfigurationPlatforms) = preSolution
		Debug|Any CPU = Debug|Any CPU
		Release|Any CPU = Release|Any CPU
	EndGlobalSection
	GlobalSection(ProjectConfigurationPlatforms) = postSolution
		{DE615840-D07D-4DB9-8B29-CDDC95CE294A}.Debug|Any CPU.ActiveCfg = Debug|Any CPU
		{DE615840-D07D-4DB9-8B29-CDDC95CE294A}.Debug|Any CPU.Build.0 = Debug|Any CPU
		{DE615840-D07D-4DB9-8B29-CDDC95CE294A}.Release|Any CPU.ActiveCfg = Release|Any CPU
		{DE615840-D07D-4DB9-8B29-CDDC95CE294A}.Release|Any CPU.Build.0 = Release|Any CPU
	EndGlobalSection
	GlobalSection(SolutionProperties) = preSolution
		HideSolutionNode = FALSE
	EndGlobalSection
	GlobalSection(ExtensibilityGlobals) = postSolution
		SolutionGuid = {C4CFD90A-2C92-4D18-8FEC-675AAEE20399}
	EndGlobalSection
EndGlobal
